// !$*UTF8*$!
{
	archiveVersion = 1;
	classes = {
	};
	objectVersion = 46;
	objects = {

/* Begin PBXBuildFile section */
		99E2085A18E1BCA6000579A6 /* Foundation.framework in Frameworks */ = {isa = PBXBuildFile; fileRef = 99E2085918E1BCA6000579A6 /* Foundation.framework */; };
		99E2085C18E1BCA6000579A6 /* CoreGraphics.framework in Frameworks */ = {isa = PBXBuildFile; fileRef = 99E2085B18E1BCA6000579A6 /* CoreGraphics.framework */; };
		99E2085E18E1BCA6000579A6 /* UIKit.framework in Frameworks */ = {isa = PBXBuildFile; fileRef = 99E2085D18E1BCA6000579A6 /* UIKit.framework */; };
		99E2086418E1BCA6000579A6 /* InfoPlist.strings in Resources */ = {isa = PBXBuildFile; fileRef = 99E2086218E1BCA6000579A6 /* InfoPlist.strings */; };
		99E2086618E1BCA6000579A6 /* main.m in Sources */ = {isa = PBXBuildFile; fileRef = 99E2086518E1BCA6000579A6 /* main.m */; };
		99E2086A18E1BCA6000579A6 /* GTAppDelegate.m in Sources */ = {isa = PBXBuildFile; fileRef = 99E2086918E1BCA6000579A6 /* GTAppDelegate.m */; };
		99E2086D18E1BCA6000579A6 /* Main_iPhone.storyboard in Resources */ = {isa = PBXBuildFile; fileRef = 99E2086B18E1BCA6000579A6 /* Main_iPhone.storyboard */; };
		99E2087318E1BCA6000579A6 /* GTViewController.m in Sources */ = {isa = PBXBuildFile; fileRef = 99E2087218E1BCA6000579A6 /* GTViewController.m */; };
		99E2087518E1BCA6000579A6 /* Images.xcassets in Resources */ = {isa = PBXBuildFile; fileRef = 99E2087418E1BCA6000579A6 /* Images.xcassets */; };
		99E2087C18E1BCA6000579A6 /* XCTest.framework in Frameworks */ = {isa = PBXBuildFile; fileRef = 99E2087B18E1BCA6000579A6 /* XCTest.framework */; };
		99E2087D18E1BCA6000579A6 /* Foundation.framework in Frameworks */ = {isa = PBXBuildFile; fileRef = 99E2085918E1BCA6000579A6 /* Foundation.framework */; };
		99E2087E18E1BCA6000579A6 /* UIKit.framework in Frameworks */ = {isa = PBXBuildFile; fileRef = 99E2085D18E1BCA6000579A6 /* UIKit.framework */; };
		99E2088618E1BCA6000579A6 /* InfoPlist.strings in Resources */ = {isa = PBXBuildFile; fileRef = 99E2088418E1BCA6000579A6 /* InfoPlist.strings */; };
		99E2088818E1BCA6000579A6 /* GTImageViewDrawTests.m in Sources */ = {isa = PBXBuildFile; fileRef = 99E2088718E1BCA6000579A6 /* GTImageViewDrawTests.m */; };
		99E2089C18E1BF1D000579A6 /* UIImageView+Draw.m in Sources */ = {isa = PBXBuildFile; fileRef = 99E2089B18E1BF1D000579A6 /* UIImageView+Draw.m */; };
		99E208A218E1D2D9000579A6 /* sfondo2.jpg in Resources */ = {isa = PBXBuildFile; fileRef = 99E208A118E1D2D9000579A6 /* sfondo2.jpg */; };
/* End PBXBuildFile section */

/* Begin PBXContainerItemProxy section */
		99E2087F18E1BCA6000579A6 /* PBXContainerItemProxy */ = {
			isa = PBXContainerItemProxy;
			containerPortal = 99E2084E18E1BCA6000579A6 /* Project object */;
			proxyType = 1;
			remoteGlobalIDString = 99E2085518E1BCA6000579A6;
			remoteInfo = GTImageViewDraw;
		};
/* End PBXContainerItemProxy section */

/* Begin PBXFileReference section */
		99E2085618E1BCA6000579A6 /* GTImageViewDraw.app */ = {isa = PBXFileReference; explicitFileType = wrapper.application; includeInIndex = 0; path = GTImageViewDraw.app; sourceTree = BUILT_PRODUCTS_DIR; };
		99E2085918E1BCA6000579A6 /* Foundation.framework */ = {isa = PBXFileReference; lastKnownFileType = wrapper.framework; name = Foundation.framework; path = System/Library/Frameworks/Foundation.framework; sourceTree = SDKROOT; };
		99E2085B18E1BCA6000579A6 /* CoreGraphics.framework */ = {isa = PBXFileReference; lastKnownFileType = wrapper.framework; name = CoreGraphics.framework; path = System/Library/Frameworks/CoreGraphics.framework; sourceTree = SDKROOT; };
		99E2085D18E1BCA6000579A6 /* UIKit.framework */ = {isa = PBXFileReference; lastKnownFileType = wrapper.framework; name = UIKit.framework; path = System/Library/Frameworks/UIKit.framework; sourceTree = SDKROOT; };
		99E2086118E1BCA6000579A6 /* GTImageViewDraw-Info.plist */ = {isa = PBXFileReference; lastKnownFileType = text.plist.xml; path = "GTImageViewDraw-Info.plist"; sourceTree = "<group>"; };
		99E2086318E1BCA6000579A6 /* en */ = {isa = PBXFileReference; lastKnownFileType = text.plist.strings; name = en; path = en.lproj/InfoPlist.strings; sourceTree = "<group>"; };
		99E2086518E1BCA6000579A6 /* main.m */ = {isa = PBXFileReference; lastKnownFileType = sourcecode.c.objc; path = main.m; sourceTree = "<group>"; };
		99E2086718E1BCA6000579A6 /* GTImageViewDraw-Prefix.pch */ = {isa = PBXFileReference; lastKnownFileType = sourcecode.c.h; path = "GTImageViewDraw-Prefix.pch"; sourceTree = "<group>"; };
		99E2086818E1BCA6000579A6 /* GTAppDelegate.h */ = {isa = PBXFileReference; lastKnownFileType = sourcecode.c.h; path = GTAppDelegate.h; sourceTree = "<group>"; };
		99E2086918E1BCA6000579A6 /* GTAppDelegate.m */ = {isa = PBXFileReference; lastKnownFileType = sourcecode.c.objc; path = GTAppDelegate.m; sourceTree = "<group>"; };
		99E2086C18E1BCA6000579A6 /* Base */ = {isa = PBXFileReference; lastKnownFileType = file.storyboard; name = Base; path = Base.lproj/Main_iPhone.storyboard; sourceTree = "<group>"; };
		99E2087118E1BCA6000579A6 /* GTViewController.h */ = {isa = PBXFileReference; lastKnownFileType = sourcecode.c.h; path = GTViewController.h; sourceTree = "<group>"; };
		99E2087218E1BCA6000579A6 /* GTViewController.m */ = {isa = PBXFileReference; lastKnownFileType = sourcecode.c.objc; path = GTViewController.m; sourceTree = "<group>"; };
		99E2087418E1BCA6000579A6 /* Images.xcassets */ = {isa = PBXFileReference; lastKnownFileType = folder.assetcatalog; path = Images.xcassets; sourceTree = "<group>"; };
		99E2087A18E1BCA6000579A6 /* GTImageViewDrawTests.xctest */ = {isa = PBXFileReference; explicitFileType = wrapper.cfbundle; includeInIndex = 0; path = GTImageViewDrawTests.xctest; sourceTree = BUILT_PRODUCTS_DIR; };
		99E2087B18E1BCA6000579A6 /* XCTest.framework */ = {isa = PBXFileReference; lastKnownFileType = wrapper.framework; name = XCTest.framework; path = Library/Frameworks/XCTest.framework; sourceTree = DEVELOPER_DIR; };
		99E2088318E1BCA6000579A6 /* GTImageViewDrawTests-Info.plist */ = {isa = PBXFileReference; lastKnownFileType = text.plist.xml; path = "GTImageViewDrawTests-Info.plist"; sourceTree = "<group>"; };
		99E2088518E1BCA6000579A6 /* en */ = {isa = PBXFileReference; lastKnownFileType = text.plist.strings; name = en; path = en.lproj/InfoPlist.strings; sourceTree = "<group>"; };
		99E2088718E1BCA6000579A6 /* GTImageViewDrawTests.m */ = {isa = PBXFileReference; lastKnownFileType = sourcecode.c.objc; path = GTImageViewDrawTests.m; sourceTree = "<group>"; };
		99E2089A18E1BF1D000579A6 /* UIImageView+Draw.h */ = {isa = PBXFileReference; fileEncoding = 4; lastKnownFileType = sourcecode.c.h; name = "UIImageView+Draw.h"; path = "src/UIImageView+Draw.h"; sourceTree = "<group>"; };
		99E2089B18E1BF1D000579A6 /* UIImageView+Draw.m */ = {isa = PBXFileReference; fileEncoding = 4; lastKnownFileType = sourcecode.c.objc; name = "UIImageView+Draw.m"; path = "src/UIImageView+Draw.m"; sourceTree = "<group>"; };
		99E208A118E1D2D9000579A6 /* sfondo2.jpg */ = {isa = PBXFileReference; lastKnownFileType = image.jpeg; path = sfondo2.jpg; sourceTree = "<group>"; };
/* End PBXFileReference section */

/* Begin PBXFrameworksBuildPhase section */
		99E2085318E1BCA6000579A6 /* Frameworks */ = {
			isa = PBXFrameworksBuildPhase;
			buildActionMask = 2147483647;
			files = (
				99E2085C18E1BCA6000579A6 /* CoreGraphics.framework in Frameworks */,
				99E2085E18E1BCA6000579A6 /* UIKit.framework in Frameworks */,
				99E2085A18E1BCA6000579A6 /* Foundation.framework in Frameworks */,
			);
			runOnlyForDeploymentPostprocessing = 0;
		};
		99E2087718E1BCA6000579A6 /* Frameworks */ = {
			isa = PBXFrameworksBuildPhase;
			buildActionMask = 2147483647;
			files = (
				99E2087C18E1BCA6000579A6 /* XCTest.framework in Frameworks */,
				99E2087E18E1BCA6000579A6 /* UIKit.framework in Frameworks */,
				99E2087D18E1BCA6000579A6 /* Foundation.framework in Frameworks */,
			);
			runOnlyForDeploymentPostprocessing = 0;
		};
/* End PBXFrameworksBuildPhase section */

/* Begin PBXGroup section */
		99E2084D18E1BCA6000579A6 = {
			isa = PBXGroup;
			children = (
				99E2085F18E1BCA6000579A6 /* GTImageViewDraw */,
				99E2088118E1BCA6000579A6 /* GTImageViewDrawTests */,
				99E2085818E1BCA6000579A6 /* Frameworks */,
				99E2085718E1BCA6000579A6 /* Products */,
			);
			sourceTree = "<group>";
		};
		99E2085718E1BCA6000579A6 /* Products */ = {
			isa = PBXGroup;
			children = (
				99E2085618E1BCA6000579A6 /* GTImageViewDraw.app */,
				99E2087A18E1BCA6000579A6 /* GTImageViewDrawTests.xctest */,
			);
			name = Products;
			sourceTree = "<group>";
		};
		99E2085818E1BCA6000579A6 /* Frameworks */ = {
			isa = PBXGroup;
			children = (
				99E2085918E1BCA6000579A6 /* Foundation.framework */,
				99E2085B18E1BCA6000579A6 /* CoreGraphics.framework */,
				99E2085D18E1BCA6000579A6 /* UIKit.framework */,
				99E2087B18E1BCA6000579A6 /* XCTest.framework */,
			);
			name = Frameworks;
			sourceTree = "<group>";
		};
		99E2085F18E1BCA6000579A6 /* GTImageViewDraw */ = {
			isa = PBXGroup;
			children = (
				99E208A518E1D9C0000579A6 /* UIImageView+Draw */,
				99E2086818E1BCA6000579A6 /* GTAppDelegate.h */,
				99E2086918E1BCA6000579A6 /* GTAppDelegate.m */,
				99E2086B18E1BCA6000579A6 /* Main_iPhone.storyboard */,
				99E2087118E1BCA6000579A6 /* GTViewController.h */,
				99E2087218E1BCA6000579A6 /* GTViewController.m */,
				99E2087418E1BCA6000579A6 /* Images.xcassets */,
				99E208A118E1D2D9000579A6 /* sfondo2.jpg */,
				99E2086018E1BCA6000579A6 /* Supporting Files */,
			);
			path = GTImageViewDraw;
			sourceTree = "<group>";
		};
		99E2086018E1BCA6000579A6 /* Supporting Files */ = {
			isa = PBXGroup;
			children = (
				99E2086118E1BCA6000579A6 /* GTImageViewDraw-Info.plist */,
				99E2086218E1BCA6000579A6 /* InfoPlist.strings */,
				99E2086518E1BCA6000579A6 /* main.m */,
				99E2086718E1BCA6000579A6 /* GTImageViewDraw-Prefix.pch */,
			);
			name = "Supporting Files";
			sourceTree = "<group>";
		};
		99E2088118E1BCA6000579A6 /* GTImageViewDrawTests */ = {
			isa = PBXGroup;
			children = (
				99E2088718E1BCA6000579A6 /* GTImageViewDrawTests.m */,
				99E2088218E1BCA6000579A6 /* Supporting Files */,
			);
			path = GTImageViewDrawTests;
			sourceTree = "<group>";
		};
		99E2088218E1BCA6000579A6 /* Supporting Files */ = {
			isa = PBXGroup;
			children = (
				99E2088318E1BCA6000579A6 /* GTImageViewDrawTests-Info.plist */,
				99E2088418E1BCA6000579A6 /* InfoPlist.strings */,
			);
			name = "Supporting Files";
			sourceTree = "<group>";
		};
		99E208A518E1D9C0000579A6 /* UIImageView+Draw */ = {
			isa = PBXGroup;
			children = (
				99E2089A18E1BF1D000579A6 /* UIImageView+Draw.h */,
				99E2089B18E1BF1D000579A6 /* UIImageView+Draw.m */,
			);
			name = "UIImageView+Draw";
			sourceTree = "<group>";
		};
/* End PBXGroup section */

/* Begin PBXNativeTarget section */
		99E2085518E1BCA6000579A6 /* GTImageViewDraw */ = {
			isa = PBXNativeTarget;
			buildConfigurationList = 99E2088B18E1BCA6000579A6 /* Build configuration list for PBXNativeTarget "GTImageViewDraw" */;
			buildPhases = (
				99E2085218E1BCA6000579A6 /* Sources */,
				99E2085318E1BCA6000579A6 /* Frameworks */,
				99E2085418E1BCA6000579A6 /* Resources */,
			);
			buildRules = (
			);
			dependencies = (
			);
			name = GTImageViewDraw;
			productName = GTImageViewDraw;
			productReference = 99E2085618E1BCA6000579A6 /* GTImageViewDraw.app */;
			productType = "com.apple.product-type.application";
		};
		99E2087918E1BCA6000579A6 /* GTImageViewDrawTests */ = {
			isa = PBXNativeTarget;
			buildConfigurationList = 99E2088E18E1BCA6000579A6 /* Build configuration list for PBXNativeTarget "GTImageViewDrawTests" */;
			buildPhases = (
				99E2087618E1BCA6000579A6 /* Sources */,
				99E2087718E1BCA6000579A6 /* Frameworks */,
				99E2087818E1BCA6000579A6 /* Resources */,
			);
			buildRules = (
			);
			dependencies = (
				99E2088018E1BCA6000579A6 /* PBXTargetDependency */,
			);
			name = GTImageViewDrawTests;
			productName = GTImageViewDrawTests;
			productReference = 99E2087A18E1BCA6000579A6 /* GTImageViewDrawTests.xctest */;
			productType = "com.apple.product-type.bundle.unit-test";
		};
/* End PBXNativeTarget section */

/* Begin PBXProject section */
		99E2084E18E1BCA6000579A6 /* Project object */ = {
			isa = PBXProject;
			attributes = {
				CLASSPREFIX = GT;
				LastUpgradeCheck = 0510;
				ORGANIZATIONNAME = "Gianluca Tursi";
				TargetAttributes = {
					99E2087918E1BCA6000579A6 = {
						TestTargetID = 99E2085518E1BCA6000579A6;
					};
				};
			};
			buildConfigurationList = 99E2085118E1BCA6000579A6 /* Build configuration list for PBXProject "GTImageViewDraw" */;
			compatibilityVersion = "Xcode 3.2";
			developmentRegion = English;
			hasScannedForEncodings = 0;
			knownRegions = (
				en,
				Base,
			);
			mainGroup = 99E2084D18E1BCA6000579A6;
			productRefGroup = 99E2085718E1BCA6000579A6 /* Products */;
			projectDirPath = "";
			projectRoot = "";
			targets = (
				99E2085518E1BCA6000579A6 /* GTImageViewDraw */,
				99E2087918E1BCA6000579A6 /* GTImageViewDrawTests */,
			);
		};
/* End PBXProject section */

/* Begin PBXResourcesBuildPhase section */
		99E2085418E1BCA6000579A6 /* Resources */ = {
			isa = PBXResourcesBuildPhase;
			buildActionMask = 2147483647;
			files = (
				99E2087518E1BCA6000579A6 /* Images.xcassets in Resources */,
				99E208A218E1D2D9000579A6 /* sfondo2.jpg in Resources */,
				99E2086D18E1BCA6000579A6 /* Main_iPhone.storyboard in Resources */,
				99E2086418E1BCA6000579A6 /* InfoPlist.strings in Resources */,
			);
			runOnlyForDeploymentPostprocessing = 0;
		};
		99E2087818E1BCA6000579A6 /* Resources */ = {
			isa = PBXResourcesBuildPhase;
			buildActionMask = 2147483647;
			files = (
				99E2088618E1BCA6000579A6 /* InfoPlist.strings in Resources */,
			);
			runOnlyForDeploymentPostprocessing = 0;
		};
/* End PBXResourcesBuildPhase section */

/* Begin PBXSourcesBuildPhase section */
		99E2085218E1BCA6000579A6 /* Sources */ = {
			isa = PBXSourcesBuildPhase;
			buildActionMask = 2147483647;
			files = (
				99E2086618E1BCA6000579A6 /* main.m in Sources */,
				99E2087318E1BCA6000579A6 /* GTViewController.m in Sources */,
				99E2086A18E1BCA6000579A6 /* GTAppDelegate.m in Sources */,
				99E2089C18E1BF1D000579A6 /* UIImageView+Draw.m in Sources */,
			);
			runOnlyForDeploymentPostprocessing = 0;
		};
		99E2087618E1BCA6000579A6 /* Sources */ = {
			isa = PBXSourcesBuildPhase;
			buildActionMask = 2147483647;
			files = (
				99E2088818E1BCA6000579A6 /* GTImageViewDrawTests.m in Sources */,
			);
			runOnlyForDeploymentPostprocessing = 0;
		};
/* End PBXSourcesBuildPhase section */

/* Begin PBXTargetDependency section */
		99E2088018E1BCA6000579A6 /* PBXTargetDependency */ = {
			isa = PBXTargetDependency;
			target = 99E2085518E1BCA6000579A6 /* GTImageViewDraw */;
			targetProxy = 99E2087F18E1BCA6000579A6 /* PBXContainerItemProxy */;
		};
/* End PBXTargetDependency section */

/* Begin PBXVariantGroup section */
		99E2086218E1BCA6000579A6 /* InfoPlist.strings */ = {
			isa = PBXVariantGroup;
			children = (
				99E2086318E1BCA6000579A6 /* en */,
			);
			name = InfoPlist.strings;
			sourceTree = "<group>";
		};
		99E2086B18E1BCA6000579A6 /* Main_iPhone.storyboard */ = {
			isa = PBXVariantGroup;
			children = (
				99E2086C18E1BCA6000579A6 /* Base */,
			);
			name = Main_iPhone.storyboard;
			sourceTree = "<group>";
		};
		99E2088418E1BCA6000579A6 /* InfoPlist.strings */ = {
			isa = PBXVariantGroup;
			children = (
				99E2088518E1BCA6000579A6 /* en */,
			);
			name = InfoPlist.strings;
			sourceTree = "<group>";
		};
/* End PBXVariantGroup section */

/* Begin XCBuildConfiguration section */
		99E2088918E1BCA6000579A6 /* Debug */ = {
			isa = XCBuildConfiguration;
			buildSettings = {
				ALWAYS_SEARCH_USER_PATHS = NO;
				CLANG_CXX_LANGUAGE_STANDARD = "gnu++0x";
				CLANG_CXX_LIBRARY = "libc++";
				CLANG_ENABLE_MODULES = YES;
				CLANG_ENABLE_OBJC_ARC = YES;
				CLANG_WARN_BOOL_CONVERSION = YES;
				CLANG_WARN_CONSTANT_CONVERSION = YES;
				CLANG_WARN_DIRECT_OBJC_ISA_USAGE = YES_ERROR;
				CLANG_WARN_EMPTY_BODY = YES;
				CLANG_WARN_ENUM_CONVERSION = YES;
				CLANG_WARN_INT_CONVERSION = YES;
				CLANG_WARN_OBJC_ROOT_CLASS = YES_ERROR;
				CLANG_WARN__DUPLICATE_METHOD_MATCH = YES;
				"CODE_SIGN_IDENTITY[sdk=iphoneos*]" = "iPhone Developer";
				COPY_PHASE_STRIP = NO;
				GCC_C_LANGUAGE_STANDARD = gnu99;
				GCC_DYNAMIC_NO_PIC = NO;
				GCC_OPTIMIZATION_LEVEL = 0;
				GCC_PREPROCESSOR_DEFINITIONS = (
					"DEBUG=1",
					"$(inherited)",
				);
				GCC_SYMBOLS_PRIVATE_EXTERN = NO;
				GCC_WARN_64_TO_32_BIT_CONVERSION = YES;
				GCC_WARN_ABOUT_RETURN_TYPE = YES_ERROR;
				GCC_WARN_UNDECLARED_SELECTOR = YES;
				GCC_WARN_UNINITIALIZED_AUTOS = YES_AGGRESSIVE;
				GCC_WARN_UNUSED_FUNCTION = YES;
				GCC_WARN_UNUSED_VARIABLE = YES;
				IPHONEOS_DEPLOYMENT_TARGET = 7.1;
				ONLY_ACTIVE_ARCH = YES;
				SDKROOT = iphoneos;
				TARGETED_DEVICE_FAMILY = "1,2";
			};
			name = Debug;
		};
		99E2088A18E1BCA6000579A6 /* Release */ = {
			isa = XCBuildConfiguration;
			buildSettings = {
				ALWAYS_SEARCH_USER_PATHS = NO;
				CLANG_CXX_LANGUAGE_STANDARD = "gnu++0x";
				CLANG_CXX_LIBRARY = "libc++";
				CLANG_ENABLE_MODULES = YES;
				CLANG_ENABLE_OBJC_ARC = YES;
				CLANG_WARN_BOOL_CONVERSION = YES;
				CLANG_WARN_CONSTANT_CONVERSION = YES;
				CLANG_WARN_DIRECT_OBJC_ISA_USAGE = YES_ERROR;
				CLANG_WARN_EMPTY_BODY = YES;
				CLANG_WARN_ENUM_CONVERSION = YES;
				CLANG_WARN_INT_CONVERSION = YES;
				CLANG_WARN_OBJC_ROOT_CLASS = YES_ERROR;
				CLANG_WARN__DUPLICATE_METHOD_MATCH = YES;
				"CODE_SIGN_IDENTITY[sdk=iphoneos*]" = "iPhone Developer";
				COPY_PHASE_STRIP = YES;
				ENABLE_NS_ASSERTIONS = NO;
				GCC_C_LANGUAGE_STANDARD = gnu99;
				GCC_WARN_64_TO_32_BIT_CONVERSION = YES;
				GCC_WARN_ABOUT_RETURN_TYPE = YES_ERROR;
				GCC_WARN_UNDECLARED_SELECTOR = YES;
				GCC_WARN_UNINITIALIZED_AUTOS = YES_AGGRESSIVE;
				GCC_WARN_UNUSED_FUNCTION = YES;
				GCC_WARN_UNUSED_VARIABLE = YES;
				IPHONEOS_DEPLOYMENT_TARGET = 7.1;
				SDKROOT = iphoneos;
				TARGETED_DEVICE_FAMILY = "1,2";
				VALIDATE_PRODUCT = YES;
			};
			name = Release;
		};
		99E2088C18E1BCA6000579A6 /* Debug */ = {
			isa = XCBuildConfiguration;
			buildSettings = {
				ASSETCATALOG_COMPILER_APPICON_NAME = AppIcon;
				ASSETCATALOG_COMPILER_LAUNCHIMAGE_NAME = LaunchImage;
				GCC_PRECOMPILE_PREFIX_HEADER = YES;
				GCC_PREFIX_HEADER = "GTImageViewDraw/GTImageViewDraw-Prefix.pch";
				INFOPLIST_FILE = "GTImageViewDraw/GTImageViewDraw-Info.plist";
				PRODUCT_NAME = "$(TARGET_NAME)";
				WRAPPER_EXTENSION = app;
			};
			name = Debug;
		};
		99E2088D18E1BCA6000579A6 /* Release */ = {
			isa = XCBuildConfiguration;
			buildSettings = {
				ASSETCATALOG_COMPILER_APPICON_NAME = AppIcon;
				ASSETCATALOG_COMPILER_LAUNCHIMAGE_NAME = LaunchImage;
				GCC_PRECOMPILE_PREFIX_HEADER = YES;
				GCC_PREFIX_HEADER = "GTImageViewDraw/GTImageViewDraw-Prefix.pch";
				INFOPLIST_FILE = "GTImageViewDraw/GTImageViewDraw-Info.plist";
				PRODUCT_NAME = "$(TARGET_NAME)";
				WRAPPER_EXTENSION = app;
			};
			name = Release;
		};
		99E2088F18E1BCA6000579A6 /* Debug */ = {
			isa = XCBuildConfiguration;
			buildSettings = {
				BUNDLE_LOADER = "$(BUILT_PRODUCTS_DIR)/GTImageViewDraw.app/GTImageViewDraw";
				FRAMEWORK_SEARCH_PATHS = (
					"$(SDKROOT)/Developer/Library/Frameworks",
					"$(inherited)",
					"$(DEVELOPER_FRAMEWORKS_DIR)",
				);
				GCC_PRECOMPILE_PREFIX_HEADER = YES;
				GCC_PREFIX_HEADER = "GTImageViewDraw/GTImageViewDraw-Prefix.pch";
				GCC_PREPROCESSOR_DEFINITIONS = (
					"DEBUG=1",
					"$(inherited)",
				);
				INFOPLIST_FILE = "GTImageViewDrawTests/GTImageViewDrawTests-Info.plist";
				PRODUCT_NAME = "$(TARGET_NAME)";
				TEST_HOST = "$(BUNDLE_LOADER)";
				WRAPPER_EXTENSION = xctest;
			};
			name = Debug;
		};
		99E2089018E1BCA6000579A6 /* Release */ = {
			isa = XCBuildConfiguration;
			buildSettings = {
				BUNDLE_LOADER = "$(BUILT_PRODUCTS_DIR)/GTImageViewDraw.app/GTImageViewDraw";
				FRAMEWORK_SEARCH_PATHS = (
					"$(SDKROOT)/Developer/Library/Frameworks",
					"$(inherited)",
					"$(DEVELOPER_FRAMEWORKS_DIR)",
				);
				GCC_PRECOMPILE_PREFIX_HEADER = YES;
				GCC_PREFIX_HEADER = "GTImageViewDraw/GTImageViewDraw-Prefix.pch";
				INFOPLIST_FILE = "GTImageViewDrawTests/GTImageViewDrawTests-Info.plist";
				PRODUCT_NAME = "$(TARGET_NAME)";
				TEST_HOST = "$(BUNDLE_LOADER)";
				WRAPPER_EXTENSION = xctest;
			};
			name = Release;
		};
/* End XCBuildConfiguration section */

/* Begin XCConfigurationList section */
		99E2085118E1BCA6000579A6 /* Build configuration list for PBXProject "GTImageViewDraw" */ = {
			isa = XCConfigurationList;
			buildConfigurations = (
				99E2088918E1BCA6000579A6 /* Debug */,
				99E2088A18E1BCA6000579A6 /* Release */,
			);
			defaultConfigurationIsVisible = 0;
			defaultConfigurationName = Release;
		};
		99E2088B18E1BCA6000579A6 /* Build configuration list for PBXNativeTarget "GTImageViewDraw" */ = {
			isa = XCConfigurationList;
			buildConfigurations = (
				99E2088C18E1BCA6000579A6 /* Debug */,
				99E2088D18E1BCA6000579A6 /* Release */,
			);
			defaultConfigurationIsVisible = 0;
		};
		99E2088E18E1BCA6000579A6 /* Build configuration list for PBXNativeTarget "GTImageViewDrawTests" */ = {
			isa = XCConfigurationList;
			buildConfigurations = (
				99E2088F18E1BCA6000579A6 /* Debug */,
				99E2089018E1BCA6000579A6 /* Release */,
			);
			defaultConfigurationIsVisible = 0;
		};
/* End XCConfigurationList section */
	};
	rootObject = 99E2084E18E1BCA6000579A6 /* Project object */;
}
